// !$*UTF8*$!
{
	archiveVersion = 1;
	classes = {
	};
	objectVersion = 56;
	objects = {

/* Begin PBXBuildFile section */
		871CA3D629B10042005C4F2A /* AppDelegate.swift in Sources */ = {isa = PBXBuildFile; fileRef = 871CA3D529B10042005C4F2A /* AppDelegate.swift */; };
		871CA3D829B10042005C4F2A /* SceneDelegate.swift in Sources */ = {isa = PBXBuildFile; fileRef = 871CA3D729B10042005C4F2A /* SceneDelegate.swift */; };
		871CA3DA29B10042005C4F2A /* DashboardViewController.swift in Sources */ = {isa = PBXBuildFile; fileRef = 871CA3D929B10042005C4F2A /* DashboardViewController.swift */; };
		871CA3DD29B10042005C4F2A /* Main.storyboard in Resources */ = {isa = PBXBuildFile; fileRef = 871CA3DB29B10042005C4F2A /* Main.storyboard */; };
		871CA3DF29B10043005C4F2A /* Assets.xcassets in Resources */ = {isa = PBXBuildFile; fileRef = 871CA3DE29B10043005C4F2A /* Assets.xcassets */; };
		871CA3E229B10043005C4F2A /* LaunchScreen.storyboard in Resources */ = {isa = PBXBuildFile; fileRef = 871CA3E029B10043005C4F2A /* LaunchScreen.storyboard */; };
		87B1AE0629C88D7200EFB175 /* GeofenceModel.swift in Sources */ = {isa = PBXBuildFile; fileRef = 87B1AE0529C88D7200EFB175 /* GeofenceModel.swift */; };
		87B1AE0B29C8AD7400EFB175 /* CounterModel.swift in Sources */ = {isa = PBXBuildFile; fileRef = 87B1AE0A29C8AD7400EFB175 /* CounterModel.swift */; };
		87B1AE0D29C8ADD400EFB175 /* CounterViewModel.swift in Sources */ = {isa = PBXBuildFile; fileRef = 87B1AE0C29C8ADD400EFB175 /* CounterViewModel.swift */; };
		87CA996629CF32060082CF97 /* SQLiteDatabaseManager.swift in Sources */ = {isa = PBXBuildFile; fileRef = 87CA996529CF32060082CF97 /* SQLiteDatabaseManager.swift */; };
		87CA996929CF36620082CF97 /* CounterRepository.swift in Sources */ = {isa = PBXBuildFile; fileRef = 87CA996829CF36620082CF97 /* CounterRepository.swift */; };
		BE1A47EBAF074AC7108A1CEE /* Pods_Arrive_Status.framework in Frameworks */ = {isa = PBXBuildFile; fileRef = 330AA74B71E2F10A4EC5FA09 /* Pods_Arrive_Status.framework */; };
/* End PBXBuildFile section */

/* Begin PBXFileReference section */
		330AA74B71E2F10A4EC5FA09 /* Pods_Arrive_Status.framework */ = {isa = PBXFileReference; explicitFileType = wrapper.framework; includeInIndex = 0; path = Pods_Arrive_Status.framework; sourceTree = BUILT_PRODUCTS_DIR; };
		871CA3D229B10042005C4F2A /* Arrive Status.app */ = {isa = PBXFileReference; explicitFileType = wrapper.application; includeInIndex = 0; path = "Arrive Status.app"; sourceTree = BUILT_PRODUCTS_DIR; };
		871CA3D529B10042005C4F2A /* AppDelegate.swift */ = {isa = PBXFileReference; lastKnownFileType = sourcecode.swift; path = AppDelegate.swift; sourceTree = "<group>"; };
		871CA3D729B10042005C4F2A /* SceneDelegate.swift */ = {isa = PBXFileReference; lastKnownFileType = sourcecode.swift; path = SceneDelegate.swift; sourceTree = "<group>"; };
		871CA3D929B10042005C4F2A /* DashboardViewController.swift */ = {isa = PBXFileReference; lastKnownFileType = sourcecode.swift; path = DashboardViewController.swift; sourceTree = "<group>"; };
		871CA3DC29B10042005C4F2A /* Base */ = {isa = PBXFileReference; lastKnownFileType = file.storyboard; name = Base; path = Base.lproj/Main.storyboard; sourceTree = "<group>"; };
		871CA3DE29B10043005C4F2A /* Assets.xcassets */ = {isa = PBXFileReference; lastKnownFileType = folder.assetcatalog; path = Assets.xcassets; sourceTree = "<group>"; };
		871CA3E129B10043005C4F2A /* Base */ = {isa = PBXFileReference; lastKnownFileType = file.storyboard; name = Base; path = Base.lproj/LaunchScreen.storyboard; sourceTree = "<group>"; };
		871CA3E329B10043005C4F2A /* Info.plist */ = {isa = PBXFileReference; explicitFileType = text.plist.info; path = Info.plist; sourceTree = "<group>"; };
		8789C16929CA60FF00DF4968 /* Arrive Status.entitlements */ = {isa = PBXFileReference; lastKnownFileType = text.plist.entitlements; path = "Arrive Status.entitlements"; sourceTree = "<group>"; };
		87B1AE0529C88D7200EFB175 /* GeofenceModel.swift */ = {isa = PBXFileReference; lastKnownFileType = sourcecode.swift; path = GeofenceModel.swift; sourceTree = "<group>"; };
		87B1AE0A29C8AD7400EFB175 /* CounterModel.swift */ = {isa = PBXFileReference; lastKnownFileType = sourcecode.swift; path = CounterModel.swift; sourceTree = "<group>"; };
		87B1AE0C29C8ADD400EFB175 /* CounterViewModel.swift */ = {isa = PBXFileReference; lastKnownFileType = sourcecode.swift; path = CounterViewModel.swift; sourceTree = "<group>"; };
		87CA996529CF32060082CF97 /* SQLiteDatabaseManager.swift */ = {isa = PBXFileReference; lastKnownFileType = sourcecode.swift; path = SQLiteDatabaseManager.swift; sourceTree = "<group>"; };
		87CA996829CF36620082CF97 /* CounterRepository.swift */ = {isa = PBXFileReference; lastKnownFileType = sourcecode.swift; path = CounterRepository.swift; sourceTree = "<group>"; };
		C23C538B8079630013F0D69F /* Pods-Arrive Status.release.xcconfig */ = {isa = PBXFileReference; includeInIndex = 1; lastKnownFileType = text.xcconfig; name = "Pods-Arrive Status.release.xcconfig"; path = "Target Support Files/Pods-Arrive Status/Pods-Arrive Status.release.xcconfig"; sourceTree = "<group>"; };
		C4567E30CF97BCF3B1AC9794 /* Pods-Arrive Status.debug.xcconfig */ = {isa = PBXFileReference; includeInIndex = 1; lastKnownFileType = text.xcconfig; name = "Pods-Arrive Status.debug.xcconfig"; path = "Target Support Files/Pods-Arrive Status/Pods-Arrive Status.debug.xcconfig"; sourceTree = "<group>"; };
/* End PBXFileReference section */

/* Begin PBXFrameworksBuildPhase section */
		871CA3CF29B10042005C4F2A /* Frameworks */ = {
			isa = PBXFrameworksBuildPhase;
			buildActionMask = 2147483647;
			files = (
				BE1A47EBAF074AC7108A1CEE /* Pods_Arrive_Status.framework in Frameworks */,
			);
			runOnlyForDeploymentPostprocessing = 0;
		};
/* End PBXFrameworksBuildPhase section */

/* Begin PBXGroup section */
		11C75DEFC0ED49B40E1536C1 /* Pods */ = {
			isa = PBXGroup;
			children = (
				C4567E30CF97BCF3B1AC9794 /* Pods-Arrive Status.debug.xcconfig */,
				C23C538B8079630013F0D69F /* Pods-Arrive Status.release.xcconfig */,
			);
			path = Pods;
			sourceTree = "<group>";
		};
		871CA3C929B10042005C4F2A = {
			isa = PBXGroup;
			children = (
				871CA3D429B10042005C4F2A /* Arrive Status */,
				871CA3D329B10042005C4F2A /* Products */,
				11C75DEFC0ED49B40E1536C1 /* Pods */,
				F624BDB841B448A66B9FE947 /* Frameworks */,
			);
			sourceTree = "<group>";
		};
		871CA3D329B10042005C4F2A /* Products */ = {
			isa = PBXGroup;
			children = (
				871CA3D229B10042005C4F2A /* Arrive Status.app */,
			);
			name = Products;
			sourceTree = "<group>";
		};
		871CA3D429B10042005C4F2A /* Arrive Status */ = {
			isa = PBXGroup;
			children = (
				87CA996729CF33500082CF97 /* Repositories */,
				87CA996429CF31D00082CF97 /* Managers */,
				8789C16929CA60FF00DF4968 /* Arrive Status.entitlements */,
				875F719E29B1681000A385F3 /* ViewModel */,
				875F719D29B1680900A385F3 /* Model */,
				875F719B29B1650800A385F3 /* View */,
				871CA3D529B10042005C4F2A /* AppDelegate.swift */,
				871CA3D729B10042005C4F2A /* SceneDelegate.swift */,
				871CA3DB29B10042005C4F2A /* Main.storyboard */,
				871CA3DE29B10043005C4F2A /* Assets.xcassets */,
				871CA3E029B10043005C4F2A /* LaunchScreen.storyboard */,
				871CA3E329B10043005C4F2A /* Info.plist */,
			);
			path = "Arrive Status";
			sourceTree = "<group>";
		};
		875F719B29B1650800A385F3 /* View */ = {
			isa = PBXGroup;
			children = (
				875F71A229B646BB00A385F3 /* Counter */,
			);
			path = View;
			sourceTree = "<group>";
		};
		875F719D29B1680900A385F3 /* Model */ = {
			isa = PBXGroup;
			children = (
				87B1AE0529C88D7200EFB175 /* GeofenceModel.swift */,
				87B1AE0A29C8AD7400EFB175 /* CounterModel.swift */,
			);
			path = Model;
			sourceTree = "<group>";
		};
		875F719E29B1681000A385F3 /* ViewModel */ = {
			isa = PBXGroup;
			children = (
				87B1AE0C29C8ADD400EFB175 /* CounterViewModel.swift */,
			);
			path = ViewModel;
			sourceTree = "<group>";
		};
		875F71A229B646BB00A385F3 /* Counter */ = {
			isa = PBXGroup;
			children = (
				871CA3D929B10042005C4F2A /* DashboardViewController.swift */,
			);
			path = Counter;
			sourceTree = "<group>";
		};
		87CA996429CF31D00082CF97 /* Managers */ = {
			isa = PBXGroup;
			children = (
				87CA996529CF32060082CF97 /* SQLiteDatabaseManager.swift */,
			);
			path = Managers;
			sourceTree = "<group>";
		};
		87CA996729CF33500082CF97 /* Repositories */ = {
			isa = PBXGroup;
			children = (
				87CA996829CF36620082CF97 /* CounterRepository.swift */,
			);
			path = Repositories;
			sourceTree = "<group>";
		};
		F624BDB841B448A66B9FE947 /* Frameworks */ = {
			isa = PBXGroup;
			children = (
				330AA74B71E2F10A4EC5FA09 /* Pods_Arrive_Status.framework */,
			);
			name = Frameworks;
			sourceTree = "<group>";
		};
/* End PBXGroup section */

/* Begin PBXNativeTarget section */
		871CA3D129B10042005C4F2A /* Arrive Status */ = {
			isa = PBXNativeTarget;
			buildConfigurationList = 871CA3E629B10043005C4F2A /* Build configuration list for PBXNativeTarget "Arrive Status" */;
			buildPhases = (
				68144FAD655F3D9BDC285FB4 /* [CP] Check Pods Manifest.lock */,
				871CA3CE29B10042005C4F2A /* Sources */,
				871CA3CF29B10042005C4F2A /* Frameworks */,
				871CA3D029B10042005C4F2A /* Resources */,
				C4BCDE4D952A18E69780F88C /* [CP] Embed Pods Frameworks */,
			);
			buildRules = (
			);
			dependencies = (
			);
			name = "Arrive Status";
			productName = "Arrive Status";
			productReference = 871CA3D229B10042005C4F2A /* Arrive Status.app */;
			productType = "com.apple.product-type.application";
		};
/* End PBXNativeTarget section */

/* Begin PBXProject section */
		871CA3CA29B10042005C4F2A /* Project object */ = {
			isa = PBXProject;
			attributes = {
				BuildIndependentTargetsInParallel = 1;
				LastSwiftUpdateCheck = 1420;
				LastUpgradeCheck = 1420;
				TargetAttributes = {
					871CA3D129B10042005C4F2A = {
						CreatedOnToolsVersion = 14.2;
					};
				};
			};
			buildConfigurationList = 871CA3CD29B10042005C4F2A /* Build configuration list for PBXProject "Arrive Status" */;
			compatibilityVersion = "Xcode 14.0";
			developmentRegion = en;
			hasScannedForEncodings = 0;
			knownRegions = (
				en,
				Base,
			);
			mainGroup = 871CA3C929B10042005C4F2A;
			productRefGroup = 871CA3D329B10042005C4F2A /* Products */;
			projectDirPath = "";
			projectRoot = "";
			targets = (
				871CA3D129B10042005C4F2A /* Arrive Status */,
			);
		};
/* End PBXProject section */

/* Begin PBXResourcesBuildPhase section */
		871CA3D029B10042005C4F2A /* Resources */ = {
			isa = PBXResourcesBuildPhase;
			buildActionMask = 2147483647;
			files = (
				871CA3E229B10043005C4F2A /* LaunchScreen.storyboard in Resources */,
				871CA3DF29B10043005C4F2A /* Assets.xcassets in Resources */,
				871CA3DD29B10042005C4F2A /* Main.storyboard in Resources */,
			);
			runOnlyForDeploymentPostprocessing = 0;
		};
/* End PBXResourcesBuildPhase section */

/* Begin PBXShellScriptBuildPhase section */
		68144FAD655F3D9BDC285FB4 /* [CP] Check Pods Manifest.lock */ = {
			isa = PBXShellScriptBuildPhase;
			buildActionMask = 2147483647;
			files = (
			);
			inputFileListPaths = (
			);
			inputPaths = (
				"${PODS_PODFILE_DIR_PATH}/Podfile.lock",
				"${PODS_ROOT}/Manifest.lock",
			);
			name = "[CP] Check Pods Manifest.lock";
			outputFileListPaths = (
			);
			outputPaths = (
				"$(DERIVED_FILE_DIR)/Pods-Arrive Status-checkManifestLockResult.txt",
			);
			runOnlyForDeploymentPostprocessing = 0;
			shellPath = /bin/sh;
			shellScript = "diff \"${PODS_PODFILE_DIR_PATH}/Podfile.lock\" \"${PODS_ROOT}/Manifest.lock\" > /dev/null\nif [ $? != 0 ] ; then\n    # print error to STDERR\n    echo \"error: The sandbox is not in sync with the Podfile.lock. Run 'pod install' or update your CocoaPods installation.\" >&2\n    exit 1\nfi\n# This output is used by Xcode 'outputs' to avoid re-running this script phase.\necho \"SUCCESS\" > \"${SCRIPT_OUTPUT_FILE_0}\"\n";
			showEnvVarsInLog = 0;
		};
		C4BCDE4D952A18E69780F88C /* [CP] Embed Pods Frameworks */ = {
			isa = PBXShellScriptBuildPhase;
			buildActionMask = 2147483647;
			files = (
			);
			inputFileListPaths = (
				"${PODS_ROOT}/Target Support Files/Pods-Arrive Status/Pods-Arrive Status-frameworks-${CONFIGURATION}-input-files.xcfilelist",
			);
			name = "[CP] Embed Pods Frameworks";
			outputFileListPaths = (
				"${PODS_ROOT}/Target Support Files/Pods-Arrive Status/Pods-Arrive Status-frameworks-${CONFIGURATION}-output-files.xcfilelist",
			);
			runOnlyForDeploymentPostprocessing = 0;
			shellPath = /bin/sh;
			shellScript = "\"${PODS_ROOT}/Target Support Files/Pods-Arrive Status/Pods-Arrive Status-frameworks.sh\"\n";
			showEnvVarsInLog = 0;
		};
/* End PBXShellScriptBuildPhase section */

/* Begin PBXSourcesBuildPhase section */
		871CA3CE29B10042005C4F2A /* Sources */ = {
			isa = PBXSourcesBuildPhase;
			buildActionMask = 2147483647;
			files = (
				87B1AE0B29C8AD7400EFB175 /* CounterModel.swift in Sources */,
				871CA3DA29B10042005C4F2A /* DashboardViewController.swift in Sources */,
				87CA996929CF36620082CF97 /* CounterRepository.swift in Sources */,
				871CA3D629B10042005C4F2A /* AppDelegate.swift in Sources */,
				87B1AE0D29C8ADD400EFB175 /* CounterViewModel.swift in Sources */,
				87CA996629CF32060082CF97 /* SQLiteDatabaseManager.swift in Sources */,
				871CA3D829B10042005C4F2A /* SceneDelegate.swift in Sources */,
				87B1AE0629C88D7200EFB175 /* GeofenceModel.swift in Sources */,
			);
			runOnlyForDeploymentPostprocessing = 0;
		};
/* End PBXSourcesBuildPhase section */

/* Begin PBXVariantGroup section */
		871CA3DB29B10042005C4F2A /* Main.storyboard */ = {
			isa = PBXVariantGroup;
			children = (
				871CA3DC29B10042005C4F2A /* Base */,
			);
			name = Main.storyboard;
			sourceTree = "<group>";
		};
		871CA3E029B10043005C4F2A /* LaunchScreen.storyboard */ = {
			isa = PBXVariantGroup;
			children = (
				871CA3E129B10043005C4F2A /* Base */,
			);
			name = LaunchScreen.storyboard;
			sourceTree = "<group>";
		};
/* End PBXVariantGroup section */

/* Begin XCBuildConfiguration section */
		871CA3E429B10043005C4F2A /* Debug */ = {
			isa = XCBuildConfiguration;
			buildSettings = {
				ALWAYS_SEARCH_USER_PATHS = NO;
				CLANG_ANALYZER_NONNULL = YES;
				CLANG_ANALYZER_NUMBER_OBJECT_CONVERSION = YES_AGGRESSIVE;
				CLANG_CXX_LANGUAGE_STANDARD = "gnu++20";
				CLANG_ENABLE_MODULES = YES;
				CLANG_ENABLE_OBJC_ARC = YES;
				CLANG_ENABLE_OBJC_WEAK = YES;
				CLANG_WARN_BLOCK_CAPTURE_AUTORELEASING = YES;
				CLANG_WARN_BOOL_CONVERSION = YES;
				CLANG_WARN_COMMA = YES;
				CLANG_WARN_CONSTANT_CONVERSION = YES;
				CLANG_WARN_DEPRECATED_OBJC_IMPLEMENTATIONS = YES;
				CLANG_WARN_DIRECT_OBJC_ISA_USAGE = YES_ERROR;
				CLANG_WARN_DOCUMENTATION_COMMENTS = YES;
				CLANG_WARN_EMPTY_BODY = YES;
				CLANG_WARN_ENUM_CONVERSION = YES;
				CLANG_WARN_INFINITE_RECURSION = YES;
				CLANG_WARN_INT_CONVERSION = YES;
				CLANG_WARN_NON_LITERAL_NULL_CONVERSION = YES;
				CLANG_WARN_OBJC_IMPLICIT_RETAIN_SELF = YES;
				CLANG_WARN_OBJC_LITERAL_CONVERSION = YES;
				CLANG_WARN_OBJC_ROOT_CLASS = YES_ERROR;
				CLANG_WARN_QUOTED_INCLUDE_IN_FRAMEWORK_HEADER = YES;
				CLANG_WARN_RANGE_LOOP_ANALYSIS = YES;
				CLANG_WARN_STRICT_PROTOTYPES = YES;
				CLANG_WARN_SUSPICIOUS_MOVE = YES;
				CLANG_WARN_UNGUARDED_AVAILABILITY = YES_AGGRESSIVE;
				CLANG_WARN_UNREACHABLE_CODE = YES;
				CLANG_WARN__DUPLICATE_METHOD_MATCH = YES;
				COPY_PHASE_STRIP = NO;
				DEBUG_INFORMATION_FORMAT = dwarf;
				ENABLE_STRICT_OBJC_MSGSEND = YES;
				ENABLE_TESTABILITY = YES;
				GCC_C_LANGUAGE_STANDARD = gnu11;
				GCC_DYNAMIC_NO_PIC = NO;
				GCC_NO_COMMON_BLOCKS = YES;
				GCC_OPTIMIZATION_LEVEL = 0;
				GCC_PREPROCESSOR_DEFINITIONS = (
					"DEBUG=1",
					"$(inherited)",
				);
				GCC_WARN_64_TO_32_BIT_CONVERSION = YES;
				GCC_WARN_ABOUT_RETURN_TYPE = YES_ERROR;
				GCC_WARN_UNDECLARED_SELECTOR = YES;
				GCC_WARN_UNINITIALIZED_AUTOS = YES_AGGRESSIVE;
				GCC_WARN_UNUSED_FUNCTION = YES;
				GCC_WARN_UNUSED_VARIABLE = YES;
				IPHONEOS_DEPLOYMENT_TARGET = 16.2;
				MTL_ENABLE_DEBUG_INFO = INCLUDE_SOURCE;
				MTL_FAST_MATH = YES;
				ONLY_ACTIVE_ARCH = YES;
				SDKROOT = iphoneos;
				SWIFT_ACTIVE_COMPILATION_CONDITIONS = DEBUG;
				SWIFT_OPTIMIZATION_LEVEL = "-Onone";
			};
			name = Debug;
		};
		871CA3E529B10043005C4F2A /* Release */ = {
			isa = XCBuildConfiguration;
			buildSettings = {
				ALWAYS_SEARCH_USER_PATHS = NO;
				CLANG_ANALYZER_NONNULL = YES;
				CLANG_ANALYZER_NUMBER_OBJECT_CONVERSION = YES_AGGRESSIVE;
				CLANG_CXX_LANGUAGE_STANDARD = "gnu++20";
				CLANG_ENABLE_MODULES = YES;
				CLANG_ENABLE_OBJC_ARC = YES;
				CLANG_ENABLE_OBJC_WEAK = YES;
				CLANG_WARN_BLOCK_CAPTURE_AUTORELEASING = YES;
				CLANG_WARN_BOOL_CONVERSION = YES;
				CLANG_WARN_COMMA = YES;
				CLANG_WARN_CONSTANT_CONVERSION = YES;
				CLANG_WARN_DEPRECATED_OBJC_IMPLEMENTATIONS = YES;
				CLANG_WARN_DIRECT_OBJC_ISA_USAGE = YES_ERROR;
				CLANG_WARN_DOCUMENTATION_COMMENTS = YES;
				CLANG_WARN_EMPTY_BODY = YES;
				CLANG_WARN_ENUM_CONVERSION = YES;
				CLANG_WARN_INFINITE_RECURSION = YES;
				CLANG_WARN_INT_CONVERSION = YES;
				CLANG_WARN_NON_LITERAL_NULL_CONVERSION = YES;
				CLANG_WARN_OBJC_IMPLICIT_RETAIN_SELF = YES;
				CLANG_WARN_OBJC_LITERAL_CONVERSION = YES;
				CLANG_WARN_OBJC_ROOT_CLASS = YES_ERROR;
				CLANG_WARN_QUOTED_INCLUDE_IN_FRAMEWORK_HEADER = YES;
				CLANG_WARN_RANGE_LOOP_ANALYSIS = YES;
				CLANG_WARN_STRICT_PROTOTYPES = YES;
				CLANG_WARN_SUSPICIOUS_MOVE = YES;
				CLANG_WARN_UNGUARDED_AVAILABILITY = YES_AGGRESSIVE;
				CLANG_WARN_UNREACHABLE_CODE = YES;
				CLANG_WARN__DUPLICATE_METHOD_MATCH = YES;
				COPY_PHASE_STRIP = NO;
				DEBUG_INFORMATION_FORMAT = "dwarf-with-dsym";
				ENABLE_NS_ASSERTIONS = NO;
				ENABLE_STRICT_OBJC_MSGSEND = YES;
				GCC_C_LANGUAGE_STANDARD = gnu11;
				GCC_NO_COMMON_BLOCKS = YES;
				GCC_WARN_64_TO_32_BIT_CONVERSION = YES;
				GCC_WARN_ABOUT_RETURN_TYPE = YES_ERROR;
				GCC_WARN_UNDECLARED_SELECTOR = YES;
				GCC_WARN_UNINITIALIZED_AUTOS = YES_AGGRESSIVE;
				GCC_WARN_UNUSED_FUNCTION = YES;
				GCC_WARN_UNUSED_VARIABLE = YES;
				IPHONEOS_DEPLOYMENT_TARGET = 16.2;
				MTL_ENABLE_DEBUG_INFO = NO;
				MTL_FAST_MATH = YES;
				SDKROOT = iphoneos;
				SWIFT_COMPILATION_MODE = wholemodule;
				SWIFT_OPTIMIZATION_LEVEL = "-O";
				VALIDATE_PRODUCT = YES;
			};
			name = Release;
		};
		871CA3E729B10043005C4F2A /* Debug */ = {
			isa = XCBuildConfiguration;
			baseConfigurationReference = C4567E30CF97BCF3B1AC9794 /* Pods-Arrive Status.debug.xcconfig */;
			buildSettings = {
				ASSETCATALOG_COMPILER_APPICON_NAME = AppIcon;
				ASSETCATALOG_COMPILER_GLOBAL_ACCENT_COLOR_NAME = AccentColor;
				CODE_SIGN_ENTITLEMENTS = "Arrive Status/Arrive Status.entitlements";
				CODE_SIGN_STYLE = Automatic;
				CURRENT_PROJECT_VERSION = 1;
				DEVELOPMENT_TEAM = VX8CYT528Q;
				GENERATE_INFOPLIST_FILE = YES;
				INFOPLIST_FILE = "Arrive Status/Info.plist";
				INFOPLIST_KEY_UIApplicationSupportsIndirectInputEvents = YES;
				INFOPLIST_KEY_UILaunchStoryboardName = LaunchScreen;
				INFOPLIST_KEY_UIMainStoryboardFile = Main;
				INFOPLIST_KEY_UISupportedInterfaceOrientations_iPad = "UIInterfaceOrientationPortrait UIInterfaceOrientationPortraitUpsideDown UIInterfaceOrientationLandscapeLeft UIInterfaceOrientationLandscapeRight";
				INFOPLIST_KEY_UISupportedInterfaceOrientations_iPhone = "UIInterfaceOrientationPortrait UIInterfaceOrientationLandscapeLeft UIInterfaceOrientationLandscapeRight";
				LD_RUNPATH_SEARCH_PATHS = (
					"$(inherited)",
					"@executable_path/Frameworks",
				);
				MARKETING_VERSION = 1.0;
				PRODUCT_BUNDLE_IDENTIFIER = "srdegier.Arrive-Status";
				PRODUCT_NAME = "$(TARGET_NAME)";
				SWIFT_EMIT_LOC_STRINGS = YES;
				SWIFT_VERSION = 5.0;
				TARGETED_DEVICE_FAMILY = "1,2";
			};
			name = Debug;
		};
		871CA3E829B10043005C4F2A /* Release */ = {
			isa = XCBuildConfiguration;
			baseConfigurationReference = C23C538B8079630013F0D69F /* Pods-Arrive Status.release.xcconfig */;
			buildSettings = {
				ASSETCATALOG_COMPILER_APPICON_NAME = AppIcon;
				ASSETCATALOG_COMPILER_GLOBAL_ACCENT_COLOR_NAME = AccentColor;
				CODE_SIGN_ENTITLEMENTS = "Arrive Status/Arrive Status.entitlements";
				CODE_SIGN_STYLE = Automatic;
				CURRENT_PROJECT_VERSION = 1;
				DEVELOPMENT_TEAM = VX8CYT528Q;
				GENERATE_INFOPLIST_FILE = YES;
				INFOPLIST_FILE = "Arrive Status/Info.plist";
				INFOPLIST_KEY_UIApplicationSupportsIndirectInputEvents = YES;
				INFOPLIST_KEY_UILaunchStoryboardName = LaunchScreen;
				INFOPLIST_KEY_UIMainStoryboardFile = Main;
				INFOPLIST_KEY_UISupportedInterfaceOrientations_iPad = "UIInterfaceOrientationPortrait UIInterfaceOrientationPortraitUpsideDown UIInterfaceOrientationLandscapeLeft UIInterfaceOrientationLandscapeRight";
				INFOPLIST_KEY_UISupportedInterfaceOrientations_iPhone = "UIInterfaceOrientationPortrait UIInterfaceOrientationLandscapeLeft UIInterfaceOrientationLandscapeRight";
				LD_RUNPATH_SEARCH_PATHS = (
					"$(inherited)",
					"@executable_path/Frameworks",
				);
				MARKETING_VERSION = 1.0;
				PRODUCT_BUNDLE_IDENTIFIER = "srdegier.Arrive-Status";
				PRODUCT_NAME = "$(TARGET_NAME)";
				SWIFT_EMIT_LOC_STRINGS = YES;
				SWIFT_VERSION = 5.0;
				TARGETED_DEVICE_FAMILY = "1,2";
			};
			name = Release;
		};
/* End XCBuildConfiguration section */

/* Begin XCConfigurationList section */
		871CA3CD29B10042005C4F2A /* Build configuration list for PBXProject "Arrive Status" */ = {
			isa = XCConfigurationList;
			buildConfigurations = (
				871CA3E429B10043005C4F2A /* Debug */,
				871CA3E529B10043005C4F2A /* Release */,
			);
			defaultConfigurationIsVisible = 0;
			defaultConfigurationName = Release;
		};
		871CA3E629B10043005C4F2A /* Build configuration list for PBXNativeTarget "Arrive Status" */ = {
			isa = XCConfigurationList;
			buildConfigurations = (
				871CA3E729B10043005C4F2A /* Debug */,
				871CA3E829B10043005C4F2A /* Release */,
			);
			defaultConfigurationIsVisible = 0;
			defaultConfigurationName = Release;
		};
/* End XCConfigurationList section */
	};
	rootObject = 871CA3CA29B10042005C4F2A /* Project object */;
}
